
Microsoft Visual Studio Solution File, Format Version 12.00
# Visual Studio Version 16
VisualStudioVersion = 16.0.810.6
MinimumVisualStudioVersion = 10.0.40219.1
Project("{FAE04EC0-301F-11D3-BF4B-00C04F79EFBC}") = "BWHazel.Api.Web", "BWHazel.Api.Web\BWHazel.Api.Web.csproj", "{7223227D-4F97-4007-99B3-1CB2968142A0}"
EndProject
Project("{FAE04EC0-301F-11D3-BF4B-00C04F79EFBC}") = "BWHazel.Api.Core", "BWHazel.Api.Core\BWHazel.Api.Core.csproj", "{C441F71C-037E-4176-9703-3385860A80B1}"
EndProject
Project("{FAE04EC0-301F-11D3-BF4B-00C04F79EFBC}") = "BWHazel.Api.Core.Tests", "BWHazel.Api.Core.Tests\BWHazel.Api.Core.Tests.csproj", "{D6784601-9457-496D-9C57-852C149D7F21}"
EndProject
Global
	GlobalSection(SolutionConfigurationPlatforms) = preSolution
		Debug|Any CPU = Debug|Any CPU
		Release|Any CPU = Release|Any CPU
	EndGlobalSection
	GlobalSection(ProjectConfigurationPlatforms) = postSolution
		{7223227D-4F97-4007-99B3-1CB2968142A0}.Debug|Any CPU.ActiveCfg = Debug|Any CPU
		{7223227D-4F97-4007-99B3-1CB2968142A0}.Debug|Any CPU.Build.0 = Debug|Any CPU
		{7223227D-4F97-4007-99B3-1CB2968142A0}.Release|Any CPU.ActiveCfg = Release|Any CPU
		{7223227D-4F97-4007-99B3-1CB2968142A0}.Release|Any CPU.Build.0 = Release|Any CPU
		{C441F71C-037E-4176-9703-3385860A80B1}.Debug|Any CPU.ActiveCfg = Debug|Any CPU
		{C441F71C-037E-4176-9703-3385860A80B1}.Debug|Any CPU.Build.0 = Debug|Any CPU
		{C441F71C-037E-4176-9703-3385860A80B1}.Release|Any CPU.ActiveCfg = Release|Any CPU
		{C441F71C-037E-4176-9703-3385860A80B1}.Release|Any CPU.Build.0 = Release|Any CPU
		{D6784601-9457-496D-9C57-852C149D7F21}.Debug|Any CPU.ActiveCfg = Debug|Any CPU
		{D6784601-9457-496D-9C57-852C149D7F21}.Debug|Any CPU.Build.0 = Debug|Any CPU
		{D6784601-9457-496D-9C57-852C149D7F21}.Release|Any CPU.ActiveCfg = Release|Any CPU
		{D6784601-9457-496D-9C57-852C149D7F21}.Release|Any CPU.Build.0 = Release|Any CPU
	EndGlobalSection
	GlobalSection(SolutionProperties) = preSolution
		HideSolutionNode = FALSE
	EndGlobalSection
	GlobalSection(ExtensibilityGlobals) = postSolution
		SolutionGuid = {DB5C6813-3D5A-4889-979D-CE0E7CCF3E2C}
	EndGlobalSection
EndGlobal
