
Microsoft Visual Studio Solution File, Format Version 12.00
# Visual Studio Version 16
VisualStudioVersion = 16.0.810.6
MinimumVisualStudioVersion = 10.0.40219.1
Project("{FAE04EC0-301F-11D3-BF4B-00C04F79EFBC}") = "BWHazel.Api", "BWHazel.Api\BWHazel.Api.csproj", "{47726507-A3C4-4DBE-A605-927938C100CD}"
EndProject
Global
	GlobalSection(SolutionConfigurationPlatforms) = preSolution
		Debug|Any CPU = Debug|Any CPU
		Release|Any CPU = Release|Any CPU
	EndGlobalSection
	GlobalSection(ProjectConfigurationPlatforms) = postSolution
		{47726507-A3C4-4DBE-A605-927938C100CD}.Debug|Any CPU.ActiveCfg = Debug|Any CPU
		{47726507-A3C4-4DBE-A605-927938C100CD}.Debug|Any CPU.Build.0 = Debug|Any CPU
		{47726507-A3C4-4DBE-A605-927938C100CD}.Release|Any CPU.ActiveCfg = Release|Any CPU
		{47726507-A3C4-4DBE-A605-927938C100CD}.Release|Any CPU.Build.0 = Release|Any CPU
	EndGlobalSection
	GlobalSection(SolutionProperties) = preSolution
		HideSolutionNode = FALSE
	EndGlobalSection
	GlobalSection(ExtensibilityGlobals) = postSolution
		SolutionGuid = {DB5C6813-3D5A-4889-979D-CE0E7CCF3E2C}
	EndGlobalSection
EndGlobal
